
Microsoft Visual Studio Solution File, Format Version 12.00
# Visual Studio Version 17
VisualStudioVersion = 17.0.32014.148
MinimumVisualStudioVersion = 10.0.40219.1
Project("{FAE04EC0-301F-11D3-BF4B-00C04F79EFBC}") = "SendEPROM", "SendEPROM.csproj", "{1B795DA1-604C-44C9-8306-BE3E84743BA2}"
EndProject
Global
	GlobalSection(SolutionConfigurationPlatforms) = preSolution
		Debug|Any CPU = Debug|Any CPU
		Release|Any CPU = Release|Any CPU
	EndGlobalSection
	GlobalSection(ProjectConfigurationPlatforms) = postSolution
		{1B795DA1-604C-44C9-8306-BE3E84743BA2}.Debug|Any CPU.ActiveCfg = Debug|Any CPU
		{1B795DA1-604C-44C9-8306-BE3E84743BA2}.Debug|Any CPU.Build.0 = Debug|Any CPU
		{1B795DA1-604C-44C9-8306-BE3E84743BA2}.Release|Any CPU.ActiveCfg = Release|Any CPU
		{1B795DA1-604C-44C9-8306-BE3E84743BA2}.Release|Any CPU.Build.0 = Release|Any CPU
	EndGlobalSection
	GlobalSection(SolutionProperties) = preSolution
		HideSolutionNode = FALSE
	EndGlobalSection
	GlobalSection(ExtensibilityGlobals) = postSolution
		SolutionGuid = {C5F74E1C-5293-43CD-9F71-72BC2BEB69B5}
	EndGlobalSection
EndGlobal
